
Microsoft Visual Studio Solution File, Format Version 12.00
# Visual Studio Version 17
VisualStudioVersion = 17.3.32825.248
MinimumVisualStudioVersion = 10.0.40219.1
Project("{FAE04EC0-301F-11D3-BF4B-00C04F79EFBC}") = "BlazorApp1.Server", "BlazorApp1\Server\BlazorApp1.Server.csproj", "{B60EDD6B-B5E6-4B3C-AFC5-E13884BCB285}"
EndProject
Project("{FAE04EC0-301F-11D3-BF4B-00C04F79EFBC}") = "BlazorApp1.Client", "BlazorApp1\Client\BlazorApp1.Client.csproj", "{FFE8B66D-94A6-45C8-A659-FA9D5BDC8FF6}"
EndProject
Project("{FAE04EC0-301F-11D3-BF4B-00C04F79EFBC}") = "BlazorApp1.Shared", "BlazorApp1\Shared\BlazorApp1.Shared.csproj", "{C035F18F-AC8E-4D31-BC27-2F2CC246E709}"
EndProject
Global
	GlobalSection(SolutionConfigurationPlatforms) = preSolution
		Debug|Any CPU = Debug|Any CPU
		Release|Any CPU = Release|Any CPU
	EndGlobalSection
	GlobalSection(ProjectConfigurationPlatforms) = postSolution
		{B60EDD6B-B5E6-4B3C-AFC5-E13884BCB285}.Debug|Any CPU.ActiveCfg = Debug|Any CPU
		{B60EDD6B-B5E6-4B3C-AFC5-E13884BCB285}.Debug|Any CPU.Build.0 = Debug|Any CPU
		{B60EDD6B-B5E6-4B3C-AFC5-E13884BCB285}.Release|Any CPU.ActiveCfg = Release|Any CPU
		{B60EDD6B-B5E6-4B3C-AFC5-E13884BCB285}.Release|Any CPU.Build.0 = Release|Any CPU
		{FFE8B66D-94A6-45C8-A659-FA9D5BDC8FF6}.Debug|Any CPU.ActiveCfg = Debug|Any CPU
		{FFE8B66D-94A6-45C8-A659-FA9D5BDC8FF6}.Debug|Any CPU.Build.0 = Debug|Any CPU
		{FFE8B66D-94A6-45C8-A659-FA9D5BDC8FF6}.Release|Any CPU.ActiveCfg = Release|Any CPU
		{FFE8B66D-94A6-45C8-A659-FA9D5BDC8FF6}.Release|Any CPU.Build.0 = Release|Any CPU
		{C035F18F-AC8E-4D31-BC27-2F2CC246E709}.Debug|Any CPU.ActiveCfg = Debug|Any CPU
		{C035F18F-AC8E-4D31-BC27-2F2CC246E709}.Debug|Any CPU.Build.0 = Debug|Any CPU
		{C035F18F-AC8E-4D31-BC27-2F2CC246E709}.Release|Any CPU.ActiveCfg = Release|Any CPU
		{C035F18F-AC8E-4D31-BC27-2F2CC246E709}.Release|Any CPU.Build.0 = Release|Any CPU
	EndGlobalSection
	GlobalSection(SolutionProperties) = preSolution
		HideSolutionNode = FALSE
	EndGlobalSection
	GlobalSection(ExtensibilityGlobals) = postSolution
		SolutionGuid = {2E098390-926B-41D6-B0B3-51C0C187010A}
	EndGlobalSection
EndGlobal
